
Microsoft Visual Studio Solution File, Format Version 12.00
# Visual Studio 2013
VisualStudioVersion = 12.0.21005.1
MinimumVisualStudioVersion = 10.0.40219.1
Project("{8BC9CEB8-8B4A-11D0-8D11-00A0C91BC942}") = "BangMaACSII", "minesweeper\minesweeper.vcxproj", "{BC4181B6-BF54-44DD-820C-552B99144BB6}"
EndProject
Project("{8BC9CEB8-8B4A-11D0-8D11-00A0C91BC942}") = "RanSanMoi", "RanSanMoi\RanSanMoi.vcxproj", "{12D78E5F-8FCD-4B42-810E-534B11D746F5}"
EndProject
Project("{8BC9CEB8-8B4A-11D0-8D11-00A0C91BC942}") = "DuaXe", "DuaXe\DuaXe.vcxproj", "{38146BB2-0B98-45B2-91F7-33223F8D78F5}"
EndProject
Global
	GlobalSection(SolutionConfigurationPlatforms) = preSolution
		Debug|Win32 = Debug|Win32
		Release|Win32 = Release|Win32
	EndGlobalSection
	GlobalSection(ProjectConfigurationPlatforms) = postSolution
		{BC4181B6-BF54-44DD-820C-552B99144BB6}.Debug|Win32.ActiveCfg = Debug|Win32
		{BC4181B6-BF54-44DD-820C-552B99144BB6}.Debug|Win32.Build.0 = Debug|Win32
		{BC4181B6-BF54-44DD-820C-552B99144BB6}.Release|Win32.ActiveCfg = Release|Win32
		{BC4181B6-BF54-44DD-820C-552B99144BB6}.Release|Win32.Build.0 = Release|Win32
		{12D78E5F-8FCD-4B42-810E-534B11D746F5}.Debug|Win32.ActiveCfg = Debug|Win32
		{12D78E5F-8FCD-4B42-810E-534B11D746F5}.Debug|Win32.Build.0 = Debug|Win32
		{12D78E5F-8FCD-4B42-810E-534B11D746F5}.Release|Win32.ActiveCfg = Release|Win32
		{12D78E5F-8FCD-4B42-810E-534B11D746F5}.Release|Win32.Build.0 = Release|Win32
		{38146BB2-0B98-45B2-91F7-33223F8D78F5}.Debug|Win32.ActiveCfg = Debug|Win32
		{38146BB2-0B98-45B2-91F7-33223F8D78F5}.Debug|Win32.Build.0 = Debug|Win32
		{38146BB2-0B98-45B2-91F7-33223F8D78F5}.Release|Win32.ActiveCfg = Release|Win32
		{38146BB2-0B98-45B2-91F7-33223F8D78F5}.Release|Win32.Build.0 = Release|Win32
	EndGlobalSection
	GlobalSection(SolutionProperties) = preSolution
		HideSolutionNode = FALSE
	EndGlobalSection
EndGlobal
